schema: '2.0'
stages:
  scene_public_restroom_futuristic_sanitycheck:
    cmd: python scripts/batch_3dsmax.py scripts/new_sanity_check.py -sceneFile cad/scenes/public_restroom_futuristic/processed.max
      -mxsString batch:true -mxsString dir:cad/scenes/public_restroom_futuristic/artifacts
    deps:
    - path: cad/scenes/public_restroom_futuristic/processed.max
      md5: 4fabf1a3bbb8b45c378c9ae570f662ad
      size: 7069696
    - path: cad/scenes/public_restroom_futuristic/textures
      md5: 200c572625cadc30967af069c8876bbd.dir
      size: 1122579
      nfiles: 4
    - path: scripts/new_sanity_check.py
      md5: e80cbddcecd93c0682e811b4ee8e79a5
      size: 13101
    outs:
    - path: cad/scenes/public_restroom_futuristic/artifacts/sanitycheck.json
      md5: 26d822d1090912b35253feceba7b6761
      size: 6045
  scene_public_restroom_futuristic_object_list:
    cmd: python scripts/batch_3dsmax.py scripts/object_list.py -sceneFile cad/scenes/public_restroom_futuristic/processed.max
      -mxsString dir:cad/scenes/public_restroom_futuristic/artifacts
    deps:
    - path: scripts/object_list.py
      md5: db8e6f4fe181a9de55fd23863fc517e9
      size: 1343
    outs:
    - path: cad/scenes/public_restroom_futuristic/artifacts/object_list.json
      md5: 8609fc004e71164379a2accda327b3b8
      size: 937
    - path: cad/scenes/public_restroom_futuristic/artifacts/object_list.success
      md5: d41d8cd98f00b204e9800998ecf8427e
      size: 0
  object_inventory:
    cmd: python scripts/object_inventory.py
    deps:
    - path: cad/scenes/public_restroom_futuristic/artifacts/object_list.json
      md5: 8609fc004e71164379a2accda327b3b8
      size: 937
    - path: scripts/object_inventory.py
      md5: 3ed84a165b9b9d53370f7766233cf89f
      size: 2175
    outs:
    - path: artifacts/pipeline/object_inventory.json
      md5: 4913dfb9fdf64b64ae8b0d8cfa86d407
      size: 1164
  scene_public_restroom_futuristic_export_objs:
    cmd: python scripts/batch_3dsmax.py scripts/export_objs.py -sceneFile cad/scenes/public_restroom_futuristic/processed.max
      -mxsString dir:cad/scenes/public_restroom_futuristic/artifacts/objects
    deps:
    - path: cad/scenes/public_restroom_futuristic/artifacts/object_list.success
      md5: d41d8cd98f00b204e9800998ecf8427e
      size: 0
    - path: scripts/export_objs.py
      md5: 218cf899e0a8ced8c6b3ddd219bdaa0c
      size: 9092
    outs:
    - path: cad/scenes/public_restroom_futuristic/artifacts/objects
      md5: d6a275dcc15953f1bc8aeff08cbf99fe.dir
      size: 380
      nfiles: 1
  export_objs@hotel_suite_small:
    cmd: python scripts/batch_3dsmax.py scripts/export_objs.py -sceneFile cad/scenes/hotel_suite_small/processed.max
      -mxsString dir:cad/scenes/hotel_suite_small/artifacts/objects
    deps:
    - path: scripts/export_objs.py
      md5: 218cf899e0a8ced8c6b3ddd219bdaa0c
      size: 9092
    outs:
    - path: cad/scenes/hotel_suite_small/artifacts/objects
      md5: 3e47aa110af0549207d3e5780492b9b7.dir
      size: 390
      nfiles: 1
  sanitycheck@gates_bedroom:
    cmd: python scripts/batch_3dsmax.py scripts/new_sanity_check.py -sceneFile cad/scenes/gates_bedroom/processed.max
      -mxsString batch:true -mxsString dir:cad/scenes/gates_bedroom/artifacts
    deps:
    - path: cad/scenes/gates_bedroom/processed.max
      md5: e96adf79682301932eba6937fdfc73d7
      size: 6082560
    - path: cad/scenes/gates_bedroom/textures
      md5: 3d5b79b2884fac88fc4f5c23aa801aff.dir
      size: 15820101
      nfiles: 3
    - path: scripts/new_sanity_check.py
      md5: 7ca12684e4057012fad7a5108de15d67
      size: 13536
    outs:
    - path: cad/scenes/gates_bedroom/artifacts/sanitycheck.json
      md5: d43f5c742c8056071450ffc514e3ace8
      size: 65
    - path: cad/scenes/gates_bedroom/artifacts/sanitycheck.success
      md5: d41d8cd98f00b204e9800998ecf8427e
      size: 0
  object_list@gates_bedroom:
    cmd: python scripts/batch_3dsmax.py scripts/object_list.py -sceneFile cad/scenes/gates_bedroom/processed.max
      -mxsString dir:cad/scenes/gates_bedroom/artifacts
    deps:
    - path: scripts/object_list.py
      md5: a0520443a87a489591d0f7160dd52bb1
      size: 1484
    outs:
    - path: cad/scenes/gates_bedroom/artifacts/object_list.json
      md5: a13b9cdcf9407d252f1b21242ddd9470
      size: 1086
    - path: cad/scenes/gates_bedroom/artifacts/object_list.success
      md5: d41d8cd98f00b204e9800998ecf8427e
      size: 0
  export_objs@gates_bedroom:
    cmd: python scripts/batch_3dsmax.py scripts/export_objs.py -sceneFile cad/scenes/gates_bedroom/processed.max
      -mxsString dir:cad/scenes/gates_bedroom/artifacts
    deps:
    - path: cad/scenes/gates_bedroom/artifacts/object_list.success
      md5: d41d8cd98f00b204e9800998ecf8427e
      size: 0
    - path: scripts/export_objs.py
      md5: 0e1c6bff5afa1279e8ba6616c20a750d
      size: 9859
    outs:
    - path: cad/scenes/gates_bedroom/artifacts/export_objs.json
      md5: 395637ea0d2fffd4252a508fdf6c374f
      size: 3393
    - path: cad/scenes/gates_bedroom/artifacts/export_objs.success
      md5: d41d8cd98f00b204e9800998ecf8427e
      size: 0
    - path: cad/scenes/gates_bedroom/artifacts/objects
      md5: adae35566b1f5d61a3108ee233c24068.dir
      size: 6178514
      nfiles: 185
  export_scenes@gates_bedroom:
    cmd: python scripts/export_scene.py gates_bedroom
    deps:
    - path: cad/scenes/gates_bedroom/artifacts/export_objs.success
      md5: d41d8cd98f00b204e9800998ecf8427e
      size: 0
    - path: cad/scenes/gates_bedroom/artifacts/objects
      md5: 23bccd0e896696425a73ac84c0175257.dir
      size: 5921177
      nfiles: 185
    - path: scripts/export_scene.py
      md5: b1340a869185cfe3fd74a36cfa8320b7
      size: 28911
    outs:
    - path: artifacts/scenes/gates_bedroom
      md5: 88521c4ec1db30115822c8ec07cefe7e.dir
      size: 49467
      nfiles: 43
